
Microsoft Visual Studio Solution File, Format Version 12.00
# Visual Studio 15
VisualStudioVersion = 15.0.26124.0
MinimumVisualStudioVersion = 15.0.26124.0
Project("{FAE04EC0-301F-11D3-BF4B-00C04F79EFBC}") = "Cloneable", "src\Cloneable\Cloneable.csproj", "{386F4A1D-BE22-4FC3-8273-8C625FD50434}"
EndProject
Project("{2150E333-8FDC-42A3-9474-1A3956D46DE8}") = "src", "src", "{5C60FE46-39A8-4344-8EB9-F52EDD6494B6}"
EndProject
Project("{2150E333-8FDC-42A3-9474-1A3956D46DE8}") = "test", "test", "{6C80EF1E-DD2C-4FB7-B804-471ADFD9573C}"
EndProject
Project("{2150E333-8FDC-42A3-9474-1A3956D46DE8}") = "samples", "samples", "{37E6675C-CF9E-47AB-A1BB-6992DA0D28FE}"
EndProject
Project("{FAE04EC0-301F-11D3-BF4B-00C04F79EFBC}") = "Cloneable.Sample", "samples\Cloneable.Sample\Cloneable.Sample.csproj", "{4BACDB8D-9A6B-4757-BF97-B99250DC514B}"
EndProject
Project("{FAE04EC0-301F-11D3-BF4B-00C04F79EFBC}") = "Cloneable.UnitTests", "test\Cloneable.UnitTests\Cloneable.UnitTests.csproj", "{F9CB8D91-6F40-40FF-B2D6-717FE051445F}"
EndProject
Global
	GlobalSection(SolutionConfigurationPlatforms) = preSolution
		Debug|Any CPU = Debug|Any CPU
		Debug|x64 = Debug|x64
		Debug|x86 = Debug|x86
		Release|Any CPU = Release|Any CPU
		Release|x64 = Release|x64
		Release|x86 = Release|x86
	EndGlobalSection
	GlobalSection(SolutionProperties) = preSolution
		HideSolutionNode = FALSE
	EndGlobalSection
	GlobalSection(ProjectConfigurationPlatforms) = postSolution
		{386F4A1D-BE22-4FC3-8273-8C625FD50434}.Debug|Any CPU.ActiveCfg = Debug|Any CPU
		{386F4A1D-BE22-4FC3-8273-8C625FD50434}.Debug|Any CPU.Build.0 = Debug|Any CPU
		{386F4A1D-BE22-4FC3-8273-8C625FD50434}.Debug|x64.ActiveCfg = Debug|Any CPU
		{386F4A1D-BE22-4FC3-8273-8C625FD50434}.Debug|x64.Build.0 = Debug|Any CPU
		{386F4A1D-BE22-4FC3-8273-8C625FD50434}.Debug|x86.ActiveCfg = Debug|Any CPU
		{386F4A1D-BE22-4FC3-8273-8C625FD50434}.Debug|x86.Build.0 = Debug|Any CPU
		{386F4A1D-BE22-4FC3-8273-8C625FD50434}.Release|Any CPU.ActiveCfg = Release|Any CPU
		{386F4A1D-BE22-4FC3-8273-8C625FD50434}.Release|Any CPU.Build.0 = Release|Any CPU
		{386F4A1D-BE22-4FC3-8273-8C625FD50434}.Release|x64.ActiveCfg = Release|Any CPU
		{386F4A1D-BE22-4FC3-8273-8C625FD50434}.Release|x64.Build.0 = Release|Any CPU
		{386F4A1D-BE22-4FC3-8273-8C625FD50434}.Release|x86.ActiveCfg = Release|Any CPU
		{386F4A1D-BE22-4FC3-8273-8C625FD50434}.Release|x86.Build.0 = Release|Any CPU
		{4BACDB8D-9A6B-4757-BF97-B99250DC514B}.Debug|Any CPU.ActiveCfg = Debug|Any CPU
		{4BACDB8D-9A6B-4757-BF97-B99250DC514B}.Debug|Any CPU.Build.0 = Debug|Any CPU
		{4BACDB8D-9A6B-4757-BF97-B99250DC514B}.Debug|x64.ActiveCfg = Debug|Any CPU
		{4BACDB8D-9A6B-4757-BF97-B99250DC514B}.Debug|x64.Build.0 = Debug|Any CPU
		{4BACDB8D-9A6B-4757-BF97-B99250DC514B}.Debug|x86.ActiveCfg = Debug|Any CPU
		{4BACDB8D-9A6B-4757-BF97-B99250DC514B}.Debug|x86.Build.0 = Debug|Any CPU
		{4BACDB8D-9A6B-4757-BF97-B99250DC514B}.Release|Any CPU.ActiveCfg = Release|Any CPU
		{4BACDB8D-9A6B-4757-BF97-B99250DC514B}.Release|Any CPU.Build.0 = Release|Any CPU
		{4BACDB8D-9A6B-4757-BF97-B99250DC514B}.Release|x64.ActiveCfg = Release|Any CPU
		{4BACDB8D-9A6B-4757-BF97-B99250DC514B}.Release|x64.Build.0 = Release|Any CPU
		{4BACDB8D-9A6B-4757-BF97-B99250DC514B}.Release|x86.ActiveCfg = Release|Any CPU
		{4BACDB8D-9A6B-4757-BF97-B99250DC514B}.Release|x86.Build.0 = Release|Any CPU
		{F9CB8D91-6F40-40FF-B2D6-717FE051445F}.Debug|Any CPU.ActiveCfg = Debug|Any CPU
		{F9CB8D91-6F40-40FF-B2D6-717FE051445F}.Debug|Any CPU.Build.0 = Debug|Any CPU
		{F9CB8D91-6F40-40FF-B2D6-717FE051445F}.Debug|x64.ActiveCfg = Debug|Any CPU
		{F9CB8D91-6F40-40FF-B2D6-717FE051445F}.Debug|x64.Build.0 = Debug|Any CPU
		{F9CB8D91-6F40-40FF-B2D6-717FE051445F}.Debug|x86.ActiveCfg = Debug|Any CPU
		{F9CB8D91-6F40-40FF-B2D6-717FE051445F}.Debug|x86.Build.0 = Debug|Any CPU
		{F9CB8D91-6F40-40FF-B2D6-717FE051445F}.Release|Any CPU.ActiveCfg = Release|Any CPU
		{F9CB8D91-6F40-40FF-B2D6-717FE051445F}.Release|Any CPU.Build.0 = Release|Any CPU
		{F9CB8D91-6F40-40FF-B2D6-717FE051445F}.Release|x64.ActiveCfg = Release|Any CPU
		{F9CB8D91-6F40-40FF-B2D6-717FE051445F}.Release|x64.Build.0 = Release|Any CPU
		{F9CB8D91-6F40-40FF-B2D6-717FE051445F}.Release|x86.ActiveCfg = Release|Any CPU
		{F9CB8D91-6F40-40FF-B2D6-717FE051445F}.Release|x86.Build.0 = Release|Any CPU
	EndGlobalSection
	GlobalSection(NestedProjects) = preSolution
		{386F4A1D-BE22-4FC3-8273-8C625FD50434} = {5C60FE46-39A8-4344-8EB9-F52EDD6494B6}
		{4BACDB8D-9A6B-4757-BF97-B99250DC514B} = {37E6675C-CF9E-47AB-A1BB-6992DA0D28FE}
		{F9CB8D91-6F40-40FF-B2D6-717FE051445F} = {6C80EF1E-DD2C-4FB7-B804-471ADFD9573C}
	EndGlobalSection
EndGlobal
