
Microsoft Visual Studio Solution File, Format Version 12.00
# Visual Studio 15
VisualStudioVersion = 15.0.26124.0
MinimumVisualStudioVersion = 15.0.26124.0
Project("{FAE04EC0-301F-11D3-BF4B-00C04F79EFBC}") = "Cloneable", "Cloneable\Cloneable.csproj", "{8239F685-5966-47A9-BDBB-1762F6268A10}"
EndProject
Project("{FAE04EC0-301F-11D3-BF4B-00C04F79EFBC}") = "Cloneable.Sample", "Cloneable.Sample\Cloneable.Sample.csproj", "{D4425270-3428-4B0D-A084-2747C9E571F8}"
EndProject
Global
	GlobalSection(SolutionConfigurationPlatforms) = preSolution
		Debug|Any CPU = Debug|Any CPU
		Debug|x64 = Debug|x64
		Debug|x86 = Debug|x86
		Release|Any CPU = Release|Any CPU
		Release|x64 = Release|x64
		Release|x86 = Release|x86
	EndGlobalSection
	GlobalSection(SolutionProperties) = preSolution
		HideSolutionNode = FALSE
	EndGlobalSection
	GlobalSection(ProjectConfigurationPlatforms) = postSolution
		{8239F685-5966-47A9-BDBB-1762F6268A10}.Debug|Any CPU.ActiveCfg = Debug|Any CPU
		{8239F685-5966-47A9-BDBB-1762F6268A10}.Debug|Any CPU.Build.0 = Debug|Any CPU
		{8239F685-5966-47A9-BDBB-1762F6268A10}.Debug|x64.ActiveCfg = Debug|Any CPU
		{8239F685-5966-47A9-BDBB-1762F6268A10}.Debug|x64.Build.0 = Debug|Any CPU
		{8239F685-5966-47A9-BDBB-1762F6268A10}.Debug|x86.ActiveCfg = Debug|Any CPU
		{8239F685-5966-47A9-BDBB-1762F6268A10}.Debug|x86.Build.0 = Debug|Any CPU
		{8239F685-5966-47A9-BDBB-1762F6268A10}.Release|Any CPU.ActiveCfg = Release|Any CPU
		{8239F685-5966-47A9-BDBB-1762F6268A10}.Release|Any CPU.Build.0 = Release|Any CPU
		{8239F685-5966-47A9-BDBB-1762F6268A10}.Release|x64.ActiveCfg = Release|Any CPU
		{8239F685-5966-47A9-BDBB-1762F6268A10}.Release|x64.Build.0 = Release|Any CPU
		{8239F685-5966-47A9-BDBB-1762F6268A10}.Release|x86.ActiveCfg = Release|Any CPU
		{8239F685-5966-47A9-BDBB-1762F6268A10}.Release|x86.Build.0 = Release|Any CPU
		{D4425270-3428-4B0D-A084-2747C9E571F8}.Debug|Any CPU.ActiveCfg = Debug|Any CPU
		{D4425270-3428-4B0D-A084-2747C9E571F8}.Debug|Any CPU.Build.0 = Debug|Any CPU
		{D4425270-3428-4B0D-A084-2747C9E571F8}.Debug|x64.ActiveCfg = Debug|Any CPU
		{D4425270-3428-4B0D-A084-2747C9E571F8}.Debug|x64.Build.0 = Debug|Any CPU
		{D4425270-3428-4B0D-A084-2747C9E571F8}.Debug|x86.ActiveCfg = Debug|Any CPU
		{D4425270-3428-4B0D-A084-2747C9E571F8}.Debug|x86.Build.0 = Debug|Any CPU
		{D4425270-3428-4B0D-A084-2747C9E571F8}.Release|Any CPU.ActiveCfg = Release|Any CPU
		{D4425270-3428-4B0D-A084-2747C9E571F8}.Release|Any CPU.Build.0 = Release|Any CPU
		{D4425270-3428-4B0D-A084-2747C9E571F8}.Release|x64.ActiveCfg = Release|Any CPU
		{D4425270-3428-4B0D-A084-2747C9E571F8}.Release|x64.Build.0 = Release|Any CPU
		{D4425270-3428-4B0D-A084-2747C9E571F8}.Release|x86.ActiveCfg = Release|Any CPU
		{D4425270-3428-4B0D-A084-2747C9E571F8}.Release|x86.Build.0 = Release|Any CPU
	EndGlobalSection
EndGlobal
