
Microsoft Visual Studio Solution File, Format Version 12.00
# Visual Studio 15
VisualStudioVersion = 15.0.26124.0
MinimumVisualStudioVersion = 15.0.26124.0
Project("{FAE04EC0-301F-11D3-BF4B-00C04F79EFBC}") = "Cloneable", "src\Cloneable\Cloneable.csproj", "{4DF0180B-17FF-43A3-B17A-9BA20BF40A47}"
EndProject
Project("{FAE04EC0-301F-11D3-BF4B-00C04F79EFBC}") = "Cloneable.Sample", "src\Cloneable.Sample\Cloneable.Sample.csproj", "{65CD913F-A5E0-4EF5-93ED-76F73EFD2325}"
EndProject
Project("{FAE04EC0-301F-11D3-BF4B-00C04F79EFBC}") = "Cloneable.Unit.Test", "test\Cloneable.Unit.Test\Cloneable.Unit.Test.csproj", "{6B753E4D-6C94-408F-8B2C-BA8A03DF07D8}"
EndProject
Project("{2150E333-8FDC-42A3-9474-1A3956D46DE8}") = "src", "src", "{117D4A05-D473-4862-8599-D178963EBDD8}"
EndProject
Project("{2150E333-8FDC-42A3-9474-1A3956D46DE8}") = "test", "test", "{1DE49E2F-E83F-46A4-9D58-40E56D7D9A7E}"
EndProject
Global
	GlobalSection(SolutionConfigurationPlatforms) = preSolution
		Debug|Any CPU = Debug|Any CPU
		Debug|x64 = Debug|x64
		Debug|x86 = Debug|x86
		Release|Any CPU = Release|Any CPU
		Release|x64 = Release|x64
		Release|x86 = Release|x86
	EndGlobalSection
	GlobalSection(SolutionProperties) = preSolution
		HideSolutionNode = FALSE
	EndGlobalSection
	GlobalSection(ProjectConfigurationPlatforms) = postSolution
		{4DF0180B-17FF-43A3-B17A-9BA20BF40A47}.Debug|Any CPU.ActiveCfg = Debug|Any CPU
		{4DF0180B-17FF-43A3-B17A-9BA20BF40A47}.Debug|Any CPU.Build.0 = Debug|Any CPU
		{4DF0180B-17FF-43A3-B17A-9BA20BF40A47}.Debug|x64.ActiveCfg = Debug|Any CPU
		{4DF0180B-17FF-43A3-B17A-9BA20BF40A47}.Debug|x64.Build.0 = Debug|Any CPU
		{4DF0180B-17FF-43A3-B17A-9BA20BF40A47}.Debug|x86.ActiveCfg = Debug|Any CPU
		{4DF0180B-17FF-43A3-B17A-9BA20BF40A47}.Debug|x86.Build.0 = Debug|Any CPU
		{4DF0180B-17FF-43A3-B17A-9BA20BF40A47}.Release|Any CPU.ActiveCfg = Release|Any CPU
		{4DF0180B-17FF-43A3-B17A-9BA20BF40A47}.Release|Any CPU.Build.0 = Release|Any CPU
		{4DF0180B-17FF-43A3-B17A-9BA20BF40A47}.Release|x64.ActiveCfg = Release|Any CPU
		{4DF0180B-17FF-43A3-B17A-9BA20BF40A47}.Release|x64.Build.0 = Release|Any CPU
		{4DF0180B-17FF-43A3-B17A-9BA20BF40A47}.Release|x86.ActiveCfg = Release|Any CPU
		{4DF0180B-17FF-43A3-B17A-9BA20BF40A47}.Release|x86.Build.0 = Release|Any CPU
		{65CD913F-A5E0-4EF5-93ED-76F73EFD2325}.Debug|Any CPU.ActiveCfg = Debug|Any CPU
		{65CD913F-A5E0-4EF5-93ED-76F73EFD2325}.Debug|Any CPU.Build.0 = Debug|Any CPU
		{65CD913F-A5E0-4EF5-93ED-76F73EFD2325}.Debug|x64.ActiveCfg = Debug|Any CPU
		{65CD913F-A5E0-4EF5-93ED-76F73EFD2325}.Debug|x64.Build.0 = Debug|Any CPU
		{65CD913F-A5E0-4EF5-93ED-76F73EFD2325}.Debug|x86.ActiveCfg = Debug|Any CPU
		{65CD913F-A5E0-4EF5-93ED-76F73EFD2325}.Debug|x86.Build.0 = Debug|Any CPU
		{65CD913F-A5E0-4EF5-93ED-76F73EFD2325}.Release|Any CPU.ActiveCfg = Release|Any CPU
		{65CD913F-A5E0-4EF5-93ED-76F73EFD2325}.Release|Any CPU.Build.0 = Release|Any CPU
		{65CD913F-A5E0-4EF5-93ED-76F73EFD2325}.Release|x64.ActiveCfg = Release|Any CPU
		{65CD913F-A5E0-4EF5-93ED-76F73EFD2325}.Release|x64.Build.0 = Release|Any CPU
		{65CD913F-A5E0-4EF5-93ED-76F73EFD2325}.Release|x86.ActiveCfg = Release|Any CPU
		{65CD913F-A5E0-4EF5-93ED-76F73EFD2325}.Release|x86.Build.0 = Release|Any CPU
		{6B753E4D-6C94-408F-8B2C-BA8A03DF07D8}.Debug|Any CPU.ActiveCfg = Debug|Any CPU
		{6B753E4D-6C94-408F-8B2C-BA8A03DF07D8}.Debug|Any CPU.Build.0 = Debug|Any CPU
		{6B753E4D-6C94-408F-8B2C-BA8A03DF07D8}.Debug|x64.ActiveCfg = Debug|Any CPU
		{6B753E4D-6C94-408F-8B2C-BA8A03DF07D8}.Debug|x64.Build.0 = Debug|Any CPU
		{6B753E4D-6C94-408F-8B2C-BA8A03DF07D8}.Debug|x86.ActiveCfg = Debug|Any CPU
		{6B753E4D-6C94-408F-8B2C-BA8A03DF07D8}.Debug|x86.Build.0 = Debug|Any CPU
		{6B753E4D-6C94-408F-8B2C-BA8A03DF07D8}.Release|Any CPU.ActiveCfg = Release|Any CPU
		{6B753E4D-6C94-408F-8B2C-BA8A03DF07D8}.Release|Any CPU.Build.0 = Release|Any CPU
		{6B753E4D-6C94-408F-8B2C-BA8A03DF07D8}.Release|x64.ActiveCfg = Release|Any CPU
		{6B753E4D-6C94-408F-8B2C-BA8A03DF07D8}.Release|x64.Build.0 = Release|Any CPU
		{6B753E4D-6C94-408F-8B2C-BA8A03DF07D8}.Release|x86.ActiveCfg = Release|Any CPU
		{6B753E4D-6C94-408F-8B2C-BA8A03DF07D8}.Release|x86.Build.0 = Release|Any CPU
	EndGlobalSection
	GlobalSection(NestedProjects) = preSolution
		{4DF0180B-17FF-43A3-B17A-9BA20BF40A47} = {117D4A05-D473-4862-8599-D178963EBDD8}
		{65CD913F-A5E0-4EF5-93ED-76F73EFD2325} = {117D4A05-D473-4862-8599-D178963EBDD8}
		{6B753E4D-6C94-408F-8B2C-BA8A03DF07D8} = {1DE49E2F-E83F-46A4-9D58-40E56D7D9A7E}
	EndGlobalSection
EndGlobal
